
Microsoft Visual Studio Solution File, Format Version 12.00
# Visual Studio Version 17
VisualStudioVersion = 17.8.34330.188
MinimumVisualStudioVersion = 10.0.40219.1
Project("{FAE04EC0-301F-11D3-BF4B-00C04F79EFBC}") = "Rt.Palms.Taf.PwPoc", "Rt.Palms.Taf.PwPoc\Rt.Palms.Taf.PwPoc.csproj", "{10CF6299-8977-48F8-B4C3-2CD3E93C3030}"
EndProject
Global
	GlobalSection(SolutionConfigurationPlatforms) = preSolution
		Debug|Any CPU = Debug|Any CPU
		Release|Any CPU = Release|Any CPU
	EndGlobalSection
	GlobalSection(ProjectConfigurationPlatforms) = postSolution
		{10CF6299-8977-48F8-B4C3-2CD3E93C3030}.Debug|Any CPU.ActiveCfg = Debug|Any CPU
		{10CF6299-8977-48F8-B4C3-2CD3E93C3030}.Debug|Any CPU.Build.0 = Debug|Any CPU
		{10CF6299-8977-48F8-B4C3-2CD3E93C3030}.Release|Any CPU.ActiveCfg = Release|Any CPU
		{10CF6299-8977-48F8-B4C3-2CD3E93C3030}.Release|Any CPU.Build.0 = Release|Any CPU
	EndGlobalSection
	GlobalSection(SolutionProperties) = preSolution
		HideSolutionNode = FALSE
	EndGlobalSection
	GlobalSection(ExtensibilityGlobals) = postSolution
		SolutionGuid = {A05FEAF6-7B07-4FAB-9773-8F7EBB000352}
	EndGlobalSection
EndGlobal
